
Microsoft Visual Studio Solution File, Format Version 12.00
# Visual Studio Version 17
VisualStudioVersion = 17.2.32519.379
MinimumVisualStudioVersion = 10.0.40219.1
Project("{9A19103F-16F7-4668-BE54-9A1E7A4F7556}") = "osu.Music", "src\osu.Music\osu.Music.csproj", "{BD2F43E8-BD1A-405F-BE29-3B1C2F93F375}"
EndProject
Project("{9A19103F-16F7-4668-BE54-9A1E7A4F7556}") = "osu.Music.Common", "src\osu.Music.Common\osu.Music.Common.csproj", "{37FB109C-3D99-4E5B-A2FE-754B303C23BA}"
EndProject
Project("{9A19103F-16F7-4668-BE54-9A1E7A4F7556}") = "osu.Music.UI", "src\osu.Music.UI\osu.Music.UI.csproj", "{9F39D97C-5DF1-4AE0-A730-DAB1B602677F}"
EndProject
Project("{9A19103F-16F7-4668-BE54-9A1E7A4F7556}") = "osu.Music.Services", "src\osu.Music.Services\osu.Music.Services.csproj", "{E91C5BCE-1659-4FF4-B18B-6ECCC30CD57D}"
EndProject
Project("{2150E333-8FDC-42A3-9474-1A3956D46DE8}") = "Tests", "Tests", "{C039893D-5F18-4F00-AA86-6192AA41B9CE}"
EndProject
Project("{54435603-DBB4-11D2-8724-00A0C9A8B90C}") = "Setup1", "Setup1\Setup1.vdproj", "{CD10E06C-3A22-4406-BE12-C4B54CAD6166}"
EndProject
Global
	GlobalSection(SolutionConfigurationPlatforms) = preSolution
		Debug|Any CPU = Debug|Any CPU
		Release|Any CPU = Release|Any CPU
	EndGlobalSection
	GlobalSection(ProjectConfigurationPlatforms) = postSolution
		{BD2F43E8-BD1A-405F-BE29-3B1C2F93F375}.Debug|Any CPU.ActiveCfg = Debug|Any CPU
		{BD2F43E8-BD1A-405F-BE29-3B1C2F93F375}.Debug|Any CPU.Build.0 = Debug|Any CPU
		{BD2F43E8-BD1A-405F-BE29-3B1C2F93F375}.Release|Any CPU.ActiveCfg = Release|Any CPU
		{BD2F43E8-BD1A-405F-BE29-3B1C2F93F375}.Release|Any CPU.Build.0 = Release|Any CPU
		{37FB109C-3D99-4E5B-A2FE-754B303C23BA}.Debug|Any CPU.ActiveCfg = Debug|Any CPU
		{37FB109C-3D99-4E5B-A2FE-754B303C23BA}.Debug|Any CPU.Build.0 = Debug|Any CPU
		{37FB109C-3D99-4E5B-A2FE-754B303C23BA}.Release|Any CPU.ActiveCfg = Release|Any CPU
		{37FB109C-3D99-4E5B-A2FE-754B303C23BA}.Release|Any CPU.Build.0 = Release|Any CPU
		{9F39D97C-5DF1-4AE0-A730-DAB1B602677F}.Debug|Any CPU.ActiveCfg = Debug|Any CPU
		{9F39D97C-5DF1-4AE0-A730-DAB1B602677F}.Debug|Any CPU.Build.0 = Debug|Any CPU
		{9F39D97C-5DF1-4AE0-A730-DAB1B602677F}.Release|Any CPU.ActiveCfg = Release|Any CPU
		{9F39D97C-5DF1-4AE0-A730-DAB1B602677F}.Release|Any CPU.Build.0 = Release|Any CPU
		{E91C5BCE-1659-4FF4-B18B-6ECCC30CD57D}.Debug|Any CPU.ActiveCfg = Debug|Any CPU
		{E91C5BCE-1659-4FF4-B18B-6ECCC30CD57D}.Debug|Any CPU.Build.0 = Debug|Any CPU
		{E91C5BCE-1659-4FF4-B18B-6ECCC30CD57D}.Release|Any CPU.ActiveCfg = Release|Any CPU
		{E91C5BCE-1659-4FF4-B18B-6ECCC30CD57D}.Release|Any CPU.Build.0 = Release|Any CPU
		{CD10E06C-3A22-4406-BE12-C4B54CAD6166}.Debug|Any CPU.ActiveCfg = Debug
		{CD10E06C-3A22-4406-BE12-C4B54CAD6166}.Release|Any CPU.ActiveCfg = Release
	EndGlobalSection
	GlobalSection(SolutionProperties) = preSolution
		HideSolutionNode = FALSE
	EndGlobalSection
	GlobalSection(ExtensibilityGlobals) = postSolution
		SolutionGuid = {5E3A32B6-0F94-427E-98FF-6D8997E937E2}
	EndGlobalSection
EndGlobal
